
Microsoft Visual Studio Solution File, Format Version 12.00
# Visual Studio Version 17
VisualStudioVersion = 17.9.34622.214
MinimumVisualStudioVersion = 10.0.40219.1
Project("{9A19103F-16F7-4668-BE54-9A1E7A4F7556}") = "BVND115", "BVND115.csproj", "{14F2FB66-4798-4627-BB75-5791A8673BE3}"
EndProject
Global
	GlobalSection(SolutionConfigurationPlatforms) = preSolution
		Debug|Any CPU = Debug|Any CPU
		Release|Any CPU = Release|Any CPU
	EndGlobalSection
	GlobalSection(ProjectConfigurationPlatforms) = postSolution
		{14F2FB66-4798-4627-BB75-5791A8673BE3}.Debug|Any CPU.ActiveCfg = Debug|Any CPU
		{14F2FB66-4798-4627-BB75-5791A8673BE3}.Debug|Any CPU.Build.0 = Debug|Any CPU
		{14F2FB66-4798-4627-BB75-5791A8673BE3}.Debug|Any CPU.Deploy.0 = Debug|Any CPU
		{14F2FB66-4798-4627-BB75-5791A8673BE3}.Release|Any CPU.ActiveCfg = Release|Any CPU
		{14F2FB66-4798-4627-BB75-5791A8673BE3}.Release|Any CPU.Build.0 = Release|Any CPU
		{14F2FB66-4798-4627-BB75-5791A8673BE3}.Release|Any CPU.Deploy.0 = Release|Any CPU
	EndGlobalSection
	GlobalSection(SolutionProperties) = preSolution
		HideSolutionNode = FALSE
	EndGlobalSection
	GlobalSection(ExtensibilityGlobals) = postSolution
		SolutionGuid = {383FF88E-84AA-4574-9FD8-E0065D0F804A}
	EndGlobalSection
EndGlobal
